// !$*UTF8*$!
{
	archiveVersion = 1;
	classes = {
	};
	objectVersion = 46;
	objects = {

/* Begin PBXBuildFile section */
		459224441BFE764B00A372A6 /* AppDelegate.swift in Sources */ = {isa = PBXBuildFile; fileRef = 459224431BFE764B00A372A6 /* AppDelegate.swift */; };
		459224461BFE764B00A372A6 /* GameScene.sks in Resources */ = {isa = PBXBuildFile; fileRef = 459224451BFE764B00A372A6 /* GameScene.sks */; };
		459224481BFE764B00A372A6 /* GameScene.swift in Sources */ = {isa = PBXBuildFile; fileRef = 459224471BFE764B00A372A6 /* GameScene.swift */; };
		4592244A1BFE764B00A372A6 /* GameViewController.swift in Sources */ = {isa = PBXBuildFile; fileRef = 459224491BFE764B00A372A6 /* GameViewController.swift */; };
		4592244C1BFE764B00A372A6 /* Game.xcassets in Resources */ = {isa = PBXBuildFile; fileRef = 4592244B1BFE764B00A372A6 /* Game.xcassets */; };
		4592244F1BFE764B00A372A6 /* Main.storyboard in Resources */ = {isa = PBXBuildFile; fileRef = 4592244D1BFE764B00A372A6 /* Main.storyboard */; };
		459224511BFE764B00A372A6 /* Assets.xcassets in Resources */ = {isa = PBXBuildFile; fileRef = 459224501BFE764B00A372A6 /* Assets.xcassets */; };
		4592245C1BFE764B00A372A6 /* SwiftTVGameTests.swift in Sources */ = {isa = PBXBuildFile; fileRef = 4592245B1BFE764B00A372A6 /* SwiftTVGameTests.swift */; };
		459224671BFE764B00A372A6 /* SwiftTVGameUITests.swift in Sources */ = {isa = PBXBuildFile; fileRef = 459224661BFE764B00A372A6 /* SwiftTVGameUITests.swift */; };
		459224771BFF895C00A372A6 /* HeroSpriteNode.swift in Sources */ = {isa = PBXBuildFile; fileRef = 459224761BFF895C00A372A6 /* HeroSpriteNode.swift */; };
/* End PBXBuildFile section */

/* Begin PBXContainerItemProxy section */
		459224581BFE764B00A372A6 /* PBXContainerItemProxy */ = {
			isa = PBXContainerItemProxy;
			containerPortal = 459224381BFE764B00A372A6 /* Project object */;
			proxyType = 1;
			remoteGlobalIDString = 4592243F1BFE764B00A372A6;
			remoteInfo = SwiftTVGame;
		};
		459224631BFE764B00A372A6 /* PBXContainerItemProxy */ = {
			isa = PBXContainerItemProxy;
			containerPortal = 459224381BFE764B00A372A6 /* Project object */;
			proxyType = 1;
			remoteGlobalIDString = 4592243F1BFE764B00A372A6;
			remoteInfo = SwiftTVGame;
		};
/* End PBXContainerItemProxy section */

/* Begin PBXFileReference section */
		459224401BFE764B00A372A6 /* SwiftTVGame.app */ = {isa = PBXFileReference; explicitFileType = wrapper.application; includeInIndex = 0; path = SwiftTVGame.app; sourceTree = BUILT_PRODUCTS_DIR; };
		459224431BFE764B00A372A6 /* AppDelegate.swift */ = {isa = PBXFileReference; lastKnownFileType = sourcecode.swift; path = AppDelegate.swift; sourceTree = "<group>"; };
		459224451BFE764B00A372A6 /* GameScene.sks */ = {isa = PBXFileReference; lastKnownFileType = file.sks; path = GameScene.sks; sourceTree = "<group>"; };
		459224471BFE764B00A372A6 /* GameScene.swift */ = {isa = PBXFileReference; lastKnownFileType = sourcecode.swift; path = GameScene.swift; sourceTree = "<group>"; };
		459224491BFE764B00A372A6 /* GameViewController.swift */ = {isa = PBXFileReference; lastKnownFileType = sourcecode.swift; path = GameViewController.swift; sourceTree = "<group>"; };
		4592244B1BFE764B00A372A6 /* Game.xcassets */ = {isa = PBXFileReference; lastKnownFileType = folder.assetcatalog; path = Game.xcassets; sourceTree = "<group>"; };
		4592244E1BFE764B00A372A6 /* Base */ = {isa = PBXFileReference; lastKnownFileType = file.storyboard; name = Base; path = Base.lproj/Main.storyboard; sourceTree = "<group>"; };
		459224501BFE764B00A372A6 /* Assets.xcassets */ = {isa = PBXFileReference; lastKnownFileType = folder.assetcatalog; path = Assets.xcassets; sourceTree = "<group>"; };
		459224521BFE764B00A372A6 /* Info.plist */ = {isa = PBXFileReference; lastKnownFileType = text.plist.xml; path = Info.plist; sourceTree = "<group>"; };
		459224571BFE764B00A372A6 /* SwiftTVGameTests.xctest */ = {isa = PBXFileReference; explicitFileType = wrapper.cfbundle; includeInIndex = 0; path = SwiftTVGameTests.xctest; sourceTree = BUILT_PRODUCTS_DIR; };
		4592245B1BFE764B00A372A6 /* SwiftTVGameTests.swift */ = {isa = PBXFileReference; lastKnownFileType = sourcecode.swift; path = SwiftTVGameTests.swift; sourceTree = "<group>"; };
		4592245D1BFE764B00A372A6 /* Info.plist */ = {isa = PBXFileReference; lastKnownFileType = text.plist.xml; path = Info.plist; sourceTree = "<group>"; };
		459224621BFE764B00A372A6 /* SwiftTVGameUITests.xctest */ = {isa = PBXFileReference; explicitFileType = wrapper.cfbundle; includeInIndex = 0; path = SwiftTVGameUITests.xctest; sourceTree = BUILT_PRODUCTS_DIR; };
		459224661BFE764B00A372A6 /* SwiftTVGameUITests.swift */ = {isa = PBXFileReference; lastKnownFileType = sourcecode.swift; path = SwiftTVGameUITests.swift; sourceTree = "<group>"; };
		459224681BFE764B00A372A6 /* Info.plist */ = {isa = PBXFileReference; lastKnownFileType = text.plist.xml; path = Info.plist; sourceTree = "<group>"; };
		459224761BFF895C00A372A6 /* HeroSpriteNode.swift */ = {isa = PBXFileReference; fileEncoding = 4; lastKnownFileType = sourcecode.swift; path = HeroSpriteNode.swift; sourceTree = "<group>"; };
/* End PBXFileReference section */

/* Begin PBXFrameworksBuildPhase section */
		4592243D1BFE764B00A372A6 /* Frameworks */ = {
			isa = PBXFrameworksBuildPhase;
			buildActionMask = 2147483647;
			files = (
			);
			runOnlyForDeploymentPostprocessing = 0;
		};
		459224541BFE764B00A372A6 /* Frameworks */ = {
			isa = PBXFrameworksBuildPhase;
			buildActionMask = 2147483647;
			files = (
			);
			runOnlyForDeploymentPostprocessing = 0;
		};
		4592245F1BFE764B00A372A6 /* Frameworks */ = {
			isa = PBXFrameworksBuildPhase;
			buildActionMask = 2147483647;
			files = (
			);
			runOnlyForDeploymentPostprocessing = 0;
		};
/* End PBXFrameworksBuildPhase section */

/* Begin PBXGroup section */
		459224371BFE764B00A372A6 = {
			isa = PBXGroup;
			children = (
				459224421BFE764B00A372A6 /* SwiftTVGame */,
				4592245A1BFE764B00A372A6 /* SwiftTVGameTests */,
				459224651BFE764B00A372A6 /* SwiftTVGameUITests */,
				459224411BFE764B00A372A6 /* Products */,
			);
			sourceTree = "<group>";
		};
		459224411BFE764B00A372A6 /* Products */ = {
			isa = PBXGroup;
			children = (
				459224401BFE764B00A372A6 /* SwiftTVGame.app */,
				459224571BFE764B00A372A6 /* SwiftTVGameTests.xctest */,
				459224621BFE764B00A372A6 /* SwiftTVGameUITests.xctest */,
			);
			name = Products;
			sourceTree = "<group>";
		};
		459224421BFE764B00A372A6 /* SwiftTVGame */ = {
			isa = PBXGroup;
			children = (
				459224431BFE764B00A372A6 /* AppDelegate.swift */,
				459224451BFE764B00A372A6 /* GameScene.sks */,
				459224471BFE764B00A372A6 /* GameScene.swift */,
				459224491BFE764B00A372A6 /* GameViewController.swift */,
				459224761BFF895C00A372A6 /* HeroSpriteNode.swift */,
				4592244B1BFE764B00A372A6 /* Game.xcassets */,
				4592244D1BFE764B00A372A6 /* Main.storyboard */,
				459224501BFE764B00A372A6 /* Assets.xcassets */,
				459224521BFE764B00A372A6 /* Info.plist */,
			);
			path = SwiftTVGame;
			sourceTree = "<group>";
		};
		4592245A1BFE764B00A372A6 /* SwiftTVGameTests */ = {
			isa = PBXGroup;
			children = (
				4592245B1BFE764B00A372A6 /* SwiftTVGameTests.swift */,
				4592245D1BFE764B00A372A6 /* Info.plist */,
			);
			path = SwiftTVGameTests;
			sourceTree = "<group>";
		};
		459224651BFE764B00A372A6 /* SwiftTVGameUITests */ = {
			isa = PBXGroup;
			children = (
				459224661BFE764B00A372A6 /* SwiftTVGameUITests.swift */,
				459224681BFE764B00A372A6 /* Info.plist */,
			);
			path = SwiftTVGameUITests;
			sourceTree = "<group>";
		};
/* End PBXGroup section */

/* Begin PBXNativeTarget section */
		4592243F1BFE764B00A372A6 /* SwiftTVGame */ = {
			isa = PBXNativeTarget;
			buildConfigurationList = 4592246B1BFE764B00A372A6 /* Build configuration list for PBXNativeTarget "SwiftTVGame" */;
			buildPhases = (
				4592243C1BFE764B00A372A6 /* Sources */,
				4592243D1BFE764B00A372A6 /* Frameworks */,
				4592243E1BFE764B00A372A6 /* Resources */,
			);
			buildRules = (
			);
			dependencies = (
			);
			name = SwiftTVGame;
			productName = SwiftTVGame;
			productReference = 459224401BFE764B00A372A6 /* SwiftTVGame.app */;
			productType = "com.apple.product-type.application";
		};
		459224561BFE764B00A372A6 /* SwiftTVGameTests */ = {
			isa = PBXNativeTarget;
			buildConfigurationList = 4592246E1BFE764B00A372A6 /* Build configuration list for PBXNativeTarget "SwiftTVGameTests" */;
			buildPhases = (
				459224531BFE764B00A372A6 /* Sources */,
				459224541BFE764B00A372A6 /* Frameworks */,
				459224551BFE764B00A372A6 /* Resources */,
			);
			buildRules = (
			);
			dependencies = (
				459224591BFE764B00A372A6 /* PBXTargetDependency */,
			);
			name = SwiftTVGameTests;
			productName = SwiftTVGameTests;
			productReference = 459224571BFE764B00A372A6 /* SwiftTVGameTests.xctest */;
			productType = "com.apple.product-type.bundle.unit-test";
		};
		459224611BFE764B00A372A6 /* SwiftTVGameUITests */ = {
			isa = PBXNativeTarget;
			buildConfigurationList = 459224711BFE764B00A372A6 /* Build configuration list for PBXNativeTarget "SwiftTVGameUITests" */;
			buildPhases = (
				4592245E1BFE764B00A372A6 /* Sources */,
				4592245F1BFE764B00A372A6 /* Frameworks */,
				459224601BFE764B00A372A6 /* Resources */,
			);
			buildRules = (
			);
			dependencies = (
				459224641BFE764B00A372A6 /* PBXTargetDependency */,
			);
			name = SwiftTVGameUITests;
			productName = SwiftTVGameUITests;
			productReference = 459224621BFE764B00A372A6 /* SwiftTVGameUITests.xctest */;
			productType = "com.apple.product-type.bundle.ui-testing";
		};
/* End PBXNativeTarget section */

/* Begin PBXProject section */
		459224381BFE764B00A372A6 /* Project object */ = {
			isa = PBXProject;
			attributes = {
				LastSwiftUpdateCheck = 0710;
				LastUpgradeCheck = 0710;
				ORGANIZATIONNAME = Intrepid;
				TargetAttributes = {
					4592243F1BFE764B00A372A6 = {
						CreatedOnToolsVersion = 7.1;
					};
					459224561BFE764B00A372A6 = {
						CreatedOnToolsVersion = 7.1;
						TestTargetID = 4592243F1BFE764B00A372A6;
					};
					459224611BFE764B00A372A6 = {
						CreatedOnToolsVersion = 7.1;
						TestTargetID = 4592243F1BFE764B00A372A6;
					};
				};
			};
			buildConfigurationList = 4592243B1BFE764B00A372A6 /* Build configuration list for PBXProject "SwiftTVGame" */;
			compatibilityVersion = "Xcode 3.2";
			developmentRegion = English;
			hasScannedForEncodings = 0;
			knownRegions = (
				en,
				Base,
			);
			mainGroup = 459224371BFE764B00A372A6;
			productRefGroup = 459224411BFE764B00A372A6 /* Products */;
			projectDirPath = "";
			projectRoot = "";
			targets = (
				4592243F1BFE764B00A372A6 /* SwiftTVGame */,
				459224561BFE764B00A372A6 /* SwiftTVGameTests */,
				459224611BFE764B00A372A6 /* SwiftTVGameUITests */,
			);
		};
/* End PBXProject section */

/* Begin PBXResourcesBuildPhase section */
		4592243E1BFE764B00A372A6 /* Resources */ = {
			isa = PBXResourcesBuildPhase;
			buildActionMask = 2147483647;
			files = (
				4592244F1BFE764B00A372A6 /* Main.storyboard in Resources */,
				459224461BFE764B00A372A6 /* GameScene.sks in Resources */,
				459224511BFE764B00A372A6 /* Assets.xcassets in Resources */,
				4592244C1BFE764B00A372A6 /* Game.xcassets in Resources */,
			);
			runOnlyForDeploymentPostprocessing = 0;
		};
		459224551BFE764B00A372A6 /* Resources */ = {
			isa = PBXResourcesBuildPhase;
			buildActionMask = 2147483647;
			files = (
			);
			runOnlyForDeploymentPostprocessing = 0;
		};
		459224601BFE764B00A372A6 /* Resources */ = {
			isa = PBXResourcesBuildPhase;
			buildActionMask = 2147483647;
			files = (
			);
			runOnlyForDeploymentPostprocessing = 0;
		};
/* End PBXResourcesBuildPhase section */

/* Begin PBXSourcesBuildPhase section */
		4592243C1BFE764B00A372A6 /* Sources */ = {
			isa = PBXSourcesBuildPhase;
			buildActionMask = 2147483647;
			files = (
				459224481BFE764B00A372A6 /* GameScene.swift in Sources */,
				4592244A1BFE764B00A372A6 /* GameViewController.swift in Sources */,
				459224771BFF895C00A372A6 /* HeroSpriteNode.swift in Sources */,
				459224441BFE764B00A372A6 /* AppDelegate.swift in Sources */,
			);
			runOnlyForDeploymentPostprocessing = 0;
		};
		459224531BFE764B00A372A6 /* Sources */ = {
			isa = PBXSourcesBuildPhase;
			buildActionMask = 2147483647;
			files = (
				4592245C1BFE764B00A372A6 /* SwiftTVGameTests.swift in Sources */,
			);
			runOnlyForDeploymentPostprocessing = 0;
		};
		4592245E1BFE764B00A372A6 /* Sources */ = {
			isa = PBXSourcesBuildPhase;
			buildActionMask = 2147483647;
			files = (
				459224671BFE764B00A372A6 /* SwiftTVGameUITests.swift in Sources */,
			);
			runOnlyForDeploymentPostprocessing = 0;
		};
/* End PBXSourcesBuildPhase section */

/* Begin PBXTargetDependency section */
		459224591BFE764B00A372A6 /* PBXTargetDependency */ = {
			isa = PBXTargetDependency;
			target = 4592243F1BFE764B00A372A6 /* SwiftTVGame */;
			targetProxy = 459224581BFE764B00A372A6 /* PBXContainerItemProxy */;
		};
		459224641BFE764B00A372A6 /* PBXTargetDependency */ = {
			isa = PBXTargetDependency;
			target = 4592243F1BFE764B00A372A6 /* SwiftTVGame */;
			targetProxy = 459224631BFE764B00A372A6 /* PBXContainerItemProxy */;
		};
/* End PBXTargetDependency section */

/* Begin PBXVariantGroup section */
		4592244D1BFE764B00A372A6 /* Main.storyboard */ = {
			isa = PBXVariantGroup;
			children = (
				4592244E1BFE764B00A372A6 /* Base */,
			);
			name = Main.storyboard;
			sourceTree = "<group>";
		};
/* End PBXVariantGroup section */

/* Begin XCBuildConfiguration section */
		459224691BFE764B00A372A6 /* Debug */ = {
			isa = XCBuildConfiguration;
			buildSettings = {
				ALWAYS_SEARCH_USER_PATHS = NO;
				CLANG_CXX_LANGUAGE_STANDARD = "gnu++0x";
				CLANG_CXX_LIBRARY = "libc++";
				CLANG_ENABLE_MODULES = YES;
				CLANG_ENABLE_OBJC_ARC = YES;
				CLANG_WARN_BOOL_CONVERSION = YES;
				CLANG_WARN_CONSTANT_CONVERSION = YES;
				CLANG_WARN_DIRECT_OBJC_ISA_USAGE = YES_ERROR;
				CLANG_WARN_EMPTY_BODY = YES;
				CLANG_WARN_ENUM_CONVERSION = YES;
				CLANG_WARN_INT_CONVERSION = YES;
				CLANG_WARN_OBJC_ROOT_CLASS = YES_ERROR;
				CLANG_WARN_UNREACHABLE_CODE = YES;
				CLANG_WARN__DUPLICATE_METHOD_MATCH = YES;
				COPY_PHASE_STRIP = NO;
				DEBUG_INFORMATION_FORMAT = "dwarf-with-dsym";
				ENABLE_STRICT_OBJC_MSGSEND = YES;
				ENABLE_TESTABILITY = YES;
				GCC_C_LANGUAGE_STANDARD = gnu99;
				GCC_DYNAMIC_NO_PIC = NO;
				GCC_NO_COMMON_BLOCKS = YES;
				GCC_OPTIMIZATION_LEVEL = 0;
				GCC_PREPROCESSOR_DEFINITIONS = (
					"DEBUG=1",
					"$(inherited)",
				);
				GCC_WARN_64_TO_32_BIT_CONVERSION = YES;
				GCC_WARN_ABOUT_RETURN_TYPE = YES_ERROR;
				GCC_WARN_UNDECLARED_SELECTOR = YES;
				GCC_WARN_UNINITIALIZED_AUTOS = YES_AGGRESSIVE;
				GCC_WARN_UNUSED_FUNCTION = YES;
				GCC_WARN_UNUSED_VARIABLE = YES;
				MTL_ENABLE_DEBUG_INFO = YES;
				ONLY_ACTIVE_ARCH = YES;
				SDKROOT = appletvos;
				SWIFT_OPTIMIZATION_LEVEL = "-Onone";
				TARGETED_DEVICE_FAMILY = 3;
				TVOS_DEPLOYMENT_TARGET = 9.0;
			};
			name = Debug;
		};
		4592246A1BFE764B00A372A6 /* Release */ = {
			isa = XCBuildConfiguration;
			buildSettings = {
				ALWAYS_SEARCH_USER_PATHS = NO;
				CLANG_CXX_LANGUAGE_STANDARD = "gnu++0x";
				CLANG_CXX_LIBRARY = "libc++";
				CLANG_ENABLE_MODULES = YES;
				CLANG_ENABLE_OBJC_ARC = YES;
				CLANG_WARN_BOOL_CONVERSION = YES;
				CLANG_WARN_CONSTANT_CONVERSION = YES;
				CLANG_WARN_DIRECT_OBJC_ISA_USAGE = YES_ERROR;
				CLANG_WARN_EMPTY_BODY = YES;
				CLANG_WARN_ENUM_CONVERSION = YES;
				CLANG_WARN_INT_CONVERSION = YES;
				CLANG_WARN_OBJC_ROOT_CLASS = YES_ERROR;
				CLANG_WARN_UNREACHABLE_CODE = YES;
				CLANG_WARN__DUPLICATE_METHOD_MATCH = YES;
				COPY_PHASE_STRIP = NO;
				DEBUG_INFORMATION_FORMAT = "dwarf-with-dsym";
				ENABLE_NS_ASSERTIONS = NO;
				ENABLE_STRICT_OBJC_MSGSEND = YES;
				GCC_C_LANGUAGE_STANDARD = gnu99;
				GCC_NO_COMMON_BLOCKS = YES;
				GCC_WARN_64_TO_32_BIT_CONVERSION = YES;
				GCC_WARN_ABOUT_RETURN_TYPE = YES_ERROR;
				GCC_WARN_UNDECLARED_SELECTOR = YES;
				GCC_WARN_UNINITIALIZED_AUTOS = YES_AGGRESSIVE;
				GCC_WARN_UNUSED_FUNCTION = YES;
				GCC_WARN_UNUSED_VARIABLE = YES;
				MTL_ENABLE_DEBUG_INFO = NO;
				SDKROOT = appletvos;
				TARGETED_DEVICE_FAMILY = 3;
				TVOS_DEPLOYMENT_TARGET = 9.0;
				VALIDATE_PRODUCT = YES;
			};
			name = Release;
		};
		4592246C1BFE764B00A372A6 /* Debug */ = {
			isa = XCBuildConfiguration;
			buildSettings = {
				ASSETCATALOG_COMPILER_APPICON_NAME = "App Icon & Top Shelf Image";
				ASSETCATALOG_COMPILER_LAUNCHIMAGE_NAME = LaunchImage;
				INFOPLIST_FILE = SwiftTVGame/Info.plist;
				LD_RUNPATH_SEARCH_PATHS = "$(inherited) @executable_path/Frameworks";
				PRODUCT_BUNDLE_IDENTIFIER = whatever.iwant.SwiftTVGame;
				PRODUCT_NAME = "$(TARGET_NAME)";
			};
			name = Debug;
		};
		4592246D1BFE764B00A372A6 /* Release */ = {
			isa = XCBuildConfiguration;
			buildSettings = {
				ASSETCATALOG_COMPILER_APPICON_NAME = "App Icon & Top Shelf Image";
				ASSETCATALOG_COMPILER_LAUNCHIMAGE_NAME = LaunchImage;
				INFOPLIST_FILE = SwiftTVGame/Info.plist;
				LD_RUNPATH_SEARCH_PATHS = "$(inherited) @executable_path/Frameworks";
				PRODUCT_BUNDLE_IDENTIFIER = whatever.iwant.SwiftTVGame;
				PRODUCT_NAME = "$(TARGET_NAME)";
			};
			name = Release;
		};
		4592246F1BFE764B00A372A6 /* Debug */ = {
			isa = XCBuildConfiguration;
			buildSettings = {
				BUNDLE_LOADER = "$(TEST_HOST)";
				DEBUG_INFORMATION_FORMAT = dwarf;
				INFOPLIST_FILE = SwiftTVGameTests/Info.plist;
				LD_RUNPATH_SEARCH_PATHS = "$(inherited) @executable_path/Frameworks @loader_path/Frameworks";
				PRODUCT_BUNDLE_IDENTIFIER = whatever.iwant.SwiftTVGameTests;
				PRODUCT_NAME = "$(TARGET_NAME)";
				TEST_HOST = "$(BUILT_PRODUCTS_DIR)/SwiftTVGame.app/SwiftTVGame";
			};
			name = Debug;
		};
		459224701BFE764B00A372A6 /* Release */ = {
			isa = XCBuildConfiguration;
			buildSettings = {
				BUNDLE_LOADER = "$(TEST_HOST)";
				INFOPLIST_FILE = SwiftTVGameTests/Info.plist;
				LD_RUNPATH_SEARCH_PATHS = "$(inherited) @executable_path/Frameworks @loader_path/Frameworks";
				PRODUCT_BUNDLE_IDENTIFIER = whatever.iwant.SwiftTVGameTests;
				PRODUCT_NAME = "$(TARGET_NAME)";
				TEST_HOST = "$(BUILT_PRODUCTS_DIR)/SwiftTVGame.app/SwiftTVGame";
			};
			name = Release;
		};
		459224721BFE764B00A372A6 /* Debug */ = {
			isa = XCBuildConfiguration;
			buildSettings = {
				DEBUG_INFORMATION_FORMAT = dwarf;
				INFOPLIST_FILE = SwiftTVGameUITests/Info.plist;
				LD_RUNPATH_SEARCH_PATHS = "$(inherited) @executable_path/Frameworks @loader_path/Frameworks";
				PRODUCT_BUNDLE_IDENTIFIER = whatever.iwant.SwiftTVGameUITests;
				PRODUCT_NAME = "$(TARGET_NAME)";
				TEST_TARGET_NAME = SwiftTVGame;
				USES_XCTRUNNER = YES;
			};
			name = Debug;
		};
		459224731BFE764B00A372A6 /* Release */ = {
			isa = XCBuildConfiguration;
			buildSettings = {
				INFOPLIST_FILE = SwiftTVGameUITests/Info.plist;
				LD_RUNPATH_SEARCH_PATHS = "$(inherited) @executable_path/Frameworks @loader_path/Frameworks";
				PRODUCT_BUNDLE_IDENTIFIER = whatever.iwant.SwiftTVGameUITests;
				PRODUCT_NAME = "$(TARGET_NAME)";
				TEST_TARGET_NAME = SwiftTVGame;
				USES_XCTRUNNER = YES;
			};
			name = Release;
		};
/* End XCBuildConfiguration section */

/* Begin XCConfigurationList section */
		4592243B1BFE764B00A372A6 /* Build configuration list for PBXProject "SwiftTVGame" */ = {
			isa = XCConfigurationList;
			buildConfigurations = (
				459224691BFE764B00A372A6 /* Debug */,
				4592246A1BFE764B00A372A6 /* Release */,
			);
			defaultConfigurationIsVisible = 0;
			defaultConfigurationName = Release;
		};
		4592246B1BFE764B00A372A6 /* Build configuration list for PBXNativeTarget "SwiftTVGame" */ = {
			isa = XCConfigurationList;
			buildConfigurations = (
				4592246C1BFE764B00A372A6 /* Debug */,
				4592246D1BFE764B00A372A6 /* Release */,
			);
			defaultConfigurationIsVisible = 0;
		};
		4592246E1BFE764B00A372A6 /* Build configuration list for PBXNativeTarget "SwiftTVGameTests" */ = {
			isa = XCConfigurationList;
			buildConfigurations = (
				4592246F1BFE764B00A372A6 /* Debug */,
				459224701BFE764B00A372A6 /* Release */,
			);
			defaultConfigurationIsVisible = 0;
		};
		459224711BFE764B00A372A6 /* Build configuration list for PBXNativeTarget "SwiftTVGameUITests" */ = {
			isa = XCConfigurationList;
			buildConfigurations = (
				459224721BFE764B00A372A6 /* Debug */,
				459224731BFE764B00A372A6 /* Release */,
			);
			defaultConfigurationIsVisible = 0;
		};
/* End XCConfigurationList section */
	};
	rootObject = 459224381BFE764B00A372A6 /* Project object */;
}
